
Microsoft Visual Studio Solution File, Format Version 12.00
# Visual Studio Version 16
VisualStudioVersion = 16.0.29613.14
MinimumVisualStudioVersion = 10.0.40219.1
Project("{FAE04EC0-301F-11D3-BF4B-00C04F79EFBC}") = "BlackJack", "BlackJack\BlackJack.csproj", "{7AD8EFCF-3DCC-4C81-9119-F6FB527A5F88}"
EndProject
Global
	GlobalSection(SolutionConfigurationPlatforms) = preSolution
		Debug|Any CPU = Debug|Any CPU
		Release|Any CPU = Release|Any CPU
	EndGlobalSection
	GlobalSection(ProjectConfigurationPlatforms) = postSolution
		{7AD8EFCF-3DCC-4C81-9119-F6FB527A5F88}.Debug|Any CPU.ActiveCfg = Debug|Any CPU
		{7AD8EFCF-3DCC-4C81-9119-F6FB527A5F88}.Debug|Any CPU.Build.0 = Debug|Any CPU
		{7AD8EFCF-3DCC-4C81-9119-F6FB527A5F88}.Release|Any CPU.ActiveCfg = Release|Any CPU
		{7AD8EFCF-3DCC-4C81-9119-F6FB527A5F88}.Release|Any CPU.Build.0 = Release|Any CPU
	EndGlobalSection
	GlobalSection(SolutionProperties) = preSolution
		HideSolutionNode = FALSE
	EndGlobalSection
	GlobalSection(ExtensibilityGlobals) = postSolution
		SolutionGuid = {A1AE8042-6CEC-49A4-86D5-B962C7959156}
	EndGlobalSection
EndGlobal
